// !$*UTF8*$!
{
	archiveVersion = 1;
	classes = {
	};
	objectVersion = 51;
	objects = {

/* Begin PBXBuildFile section */
		2A5AE72C4729AD911D76AB4E /* Pods_marvel.framework in Frameworks */ = {isa = PBXBuildFile; fileRef = 18DE866676B6B5B5BF0AC07D /* Pods_marvel.framework */; };
		3A8195605E1F1F77E4DB3636 /* Pods_marvelTests.framework in Frameworks */ = {isa = PBXBuildFile; fileRef = 685424D2F223AF079AC713F3 /* Pods_marvelTests.framework */; };
		6C08B46825A48FBB0021A6C0 /* CharactersInteractorTests.swift in Sources */ = {isa = PBXBuildFile; fileRef = 6C08B46725A48FBB0021A6C0 /* CharactersInteractorTests.swift */; };
		6C08B46A25A49CA60021A6C0 /* CharactersPresenterTests.swift in Sources */ = {isa = PBXBuildFile; fileRef = 6C08B46925A49CA60021A6C0 /* CharactersPresenterTests.swift */; };
		6C08B46D25A5EA380021A6C0 /* CoreDataManager.swift in Sources */ = {isa = PBXBuildFile; fileRef = 6C08B46C25A5EA380021A6C0 /* CoreDataManager.swift */; };
		6C08B46F25A61CBF0021A6C0 /* CharactersCoreDataWorker.swift in Sources */ = {isa = PBXBuildFile; fileRef = 6C08B46E25A61CBF0021A6C0 /* CharactersCoreDataWorker.swift */; };
		6C1C7C8D259FA169006E4100 /* .gitignore in Resources */ = {isa = PBXBuildFile; fileRef = 6C1C7C8C259FA169006E4100 /* .gitignore */; };
		6C1E716B259CB56F0040DF83 /* AppDelegate.swift in Sources */ = {isa = PBXBuildFile; fileRef = 6C1E716A259CB56F0040DF83 /* AppDelegate.swift */; };
		6C1E7172259CB56F0040DF83 /* Main.storyboard in Resources */ = {isa = PBXBuildFile; fileRef = 6C1E7170259CB56F0040DF83 /* Main.storyboard */; };
		6C1E7174259CB5710040DF83 /* Assets.xcassets in Resources */ = {isa = PBXBuildFile; fileRef = 6C1E7173259CB5710040DF83 /* Assets.xcassets */; };
		6C1E7177259CB5710040DF83 /* LaunchScreen.storyboard in Resources */ = {isa = PBXBuildFile; fileRef = 6C1E7175259CB5710040DF83 /* LaunchScreen.storyboard */; };
		6C1E7182259CB5720040DF83 /* marvelTests.swift in Sources */ = {isa = PBXBuildFile; fileRef = 6C1E7181259CB5720040DF83 /* marvelTests.swift */; };
		6C1E718D259CB5720040DF83 /* marvelUITests.swift in Sources */ = {isa = PBXBuildFile; fileRef = 6C1E718C259CB5720040DF83 /* marvelUITests.swift */; };
		6C1E719F259E1A0F0040DF83 /* CharactersModels.swift in Sources */ = {isa = PBXBuildFile; fileRef = 6C1E719E259E1A0E0040DF83 /* CharactersModels.swift */; };
		6C1E71A3259E1C320040DF83 /* Favorites.xcdatamodeld in Sources */ = {isa = PBXBuildFile; fileRef = 6C1E71A1259E1C320040DF83 /* Favorites.xcdatamodeld */; };
		6C1E71A5259E25090040DF83 /* Character.swift in Sources */ = {isa = PBXBuildFile; fileRef = 6C1E71A4259E25090040DF83 /* Character.swift */; };
		6CA1200625A33A1F0054FF80 /* CharacterDataManagerMock.swift in Sources */ = {isa = PBXBuildFile; fileRef = 6CA1200525A33A1F0054FF80 /* CharacterDataManagerMock.swift */; };
		6CA1200A25A33CA20054FF80 /* CharacterMock.swift in Sources */ = {isa = PBXBuildFile; fileRef = 6CA1200925A33CA20054FF80 /* CharacterMock.swift */; };
		6CA1200D25A33F350054FF80 /* JSONMockingTool.swift in Sources */ = {isa = PBXBuildFile; fileRef = 6CA1200C25A33F350054FF80 /* JSONMockingTool.swift */; };
		6CA1200F25A33FAE0054FF80 /* Optional+Extensions.swift in Sources */ = {isa = PBXBuildFile; fileRef = 6CA1200E25A33FAE0054FF80 /* Optional+Extensions.swift */; };
		6CA1201325A341CB0054FF80 /* CharacterTests.swift in Sources */ = {isa = PBXBuildFile; fileRef = 6CA1201225A341CB0054FF80 /* CharacterTests.swift */; };
		6CA1201825A347FC0054FF80 /* DisplayedCharacterMock.swift in Sources */ = {isa = PBXBuildFile; fileRef = 6CA1201725A347FC0054FF80 /* DisplayedCharacterMock.swift */; };
		6CA1201A25A34BBF0054FF80 /* PaginationStatusMock.swift in Sources */ = {isa = PBXBuildFile; fileRef = 6CA1201925A34BBF0054FF80 /* PaginationStatusMock.swift */; };
		6CEADA5D25A205C10010196C /* CharactersViewControllerTests.swift in Sources */ = {isa = PBXBuildFile; fileRef = 6CEADA5C25A205C10010196C /* CharactersViewControllerTests.swift */; };
		6CEADA5E25A206A80010196C /* Main.storyboard in Resources */ = {isa = PBXBuildFile; fileRef = 6C1E7170259CB56F0040DF83 /* Main.storyboard */; };
		6CEEC8E225ADC1BD009894FC /* UIImage+Extensions.swift in Sources */ = {isa = PBXBuildFile; fileRef = 6CEEC8E125ADC1BD009894FC /* UIImage+Extensions.swift */; };
		6CEEC8E625ADC38E009894FC /* FavoritesCollectionViewCell.swift in Sources */ = {isa = PBXBuildFile; fileRef = 6CEEC8E425ADC38E009894FC /* FavoritesCollectionViewCell.swift */; };
		6CEEC8E725ADC38E009894FC /* FavoritesCollectionViewCell.xib in Resources */ = {isa = PBXBuildFile; fileRef = 6CEEC8E525ADC38E009894FC /* FavoritesCollectionViewCell.xib */; };
		6CEEC8E925ADC6DF009894FC /* FavoritesViewController.swift in Sources */ = {isa = PBXBuildFile; fileRef = 6CEEC8E825ADC6DF009894FC /* FavoritesViewController.swift */; };
		6CEEC8EB25ADC7A7009894FC /* FavoritesModel.swift in Sources */ = {isa = PBXBuildFile; fileRef = 6CEEC8EA25ADC7A7009894FC /* FavoritesModel.swift */; };
		6CEEC8ED25ADC860009894FC /* FavoriteErrors.swift in Sources */ = {isa = PBXBuildFile; fileRef = 6CEEC8EC25ADC860009894FC /* FavoriteErrors.swift */; };
		6CEEC8EF25ADC96C009894FC /* FavoritesInteractor.swift in Sources */ = {isa = PBXBuildFile; fileRef = 6CEEC8EE25ADC96C009894FC /* FavoritesInteractor.swift */; };
		6CEEC8F125ADCD52009894FC /* FavoritesCoreDataWorker.swift in Sources */ = {isa = PBXBuildFile; fileRef = 6CEEC8F025ADCD52009894FC /* FavoritesCoreDataWorker.swift */; };
		6CEEC8F325ADCE9B009894FC /* FavoritesPresenter.swift in Sources */ = {isa = PBXBuildFile; fileRef = 6CEEC8F225ADCE9B009894FC /* FavoritesPresenter.swift */; };
		6CEEC8F625ADD2E4009894FC /* Alert.swift in Sources */ = {isa = PBXBuildFile; fileRef = 6CEEC8F525ADD2E4009894FC /* Alert.swift */; };
		6CEEC8F925ADF360009894FC /* SingleCharacterCollectionViewCell.swift in Sources */ = {isa = PBXBuildFile; fileRef = 6CEEC8F825ADF360009894FC /* SingleCharacterCollectionViewCell.swift */; };
		6CEEC8FB25ADF37F009894FC /* SingleCharacterCollectionViewCell.xib in Resources */ = {isa = PBXBuildFile; fileRef = 6CEEC8FA25ADF37F009894FC /* SingleCharacterCollectionViewCell.xib */; };
		6CEEC8FD25ADF74A009894FC /* SingleCharacterModel.swift in Sources */ = {isa = PBXBuildFile; fileRef = 6CEEC8FC25ADF74A009894FC /* SingleCharacterModel.swift */; };
		6CEEC8FF25AE6F31009894FC /* SingleCharacterErrors.swift in Sources */ = {isa = PBXBuildFile; fileRef = 6CEEC8FE25AE6F31009894FC /* SingleCharacterErrors.swift */; };
		6CEEC90125AE704E009894FC /* SingleCharacterInteractor.swift in Sources */ = {isa = PBXBuildFile; fileRef = 6CEEC90025AE704E009894FC /* SingleCharacterInteractor.swift */; };
		6CEEC90325AE7118009894FC /* SingleCharacterWorker.swift in Sources */ = {isa = PBXBuildFile; fileRef = 6CEEC90225AE7118009894FC /* SingleCharacterWorker.swift */; };
		6CEEC90525AE7172009894FC /* SingleCharacterDataManager.swift in Sources */ = {isa = PBXBuildFile; fileRef = 6CEEC90425AE7172009894FC /* SingleCharacterDataManager.swift */; };
		6CEEC90725AE81A9009894FC /* SingleCharacterPresenter.swift in Sources */ = {isa = PBXBuildFile; fileRef = 6CEEC90625AE81A9009894FC /* SingleCharacterPresenter.swift */; };
		6CEEC90925AE87D6009894FC /* SingleCharacterViewController.swift in Sources */ = {isa = PBXBuildFile; fileRef = 6CEEC90825AE87D6009894FC /* SingleCharacterViewController.swift */; };
		6CF9E738259E369500CBAEC7 /* CharactersInteractor.swift in Sources */ = {isa = PBXBuildFile; fileRef = 6CF9E737259E369500CBAEC7 /* CharactersInteractor.swift */; };
		6CF9E73C259E381500CBAEC7 /* ApiConfig.swift in Sources */ = {isa = PBXBuildFile; fileRef = 6CF9E73B259E381500CBAEC7 /* ApiConfig.swift */; };
		6CF9E73E259E38F000CBAEC7 /* Moya+Extensions.swift in Sources */ = {isa = PBXBuildFile; fileRef = 6CF9E73D259E38F000CBAEC7 /* Moya+Extensions.swift */; };
		6CF9E740259E391600CBAEC7 /* APIManager.swift in Sources */ = {isa = PBXBuildFile; fileRef = 6CF9E73F259E391600CBAEC7 /* APIManager.swift */; };
		6CF9E743259E399F00CBAEC7 /* Formatter+Utils.swift in Sources */ = {isa = PBXBuildFile; fileRef = 6CF9E742259E399F00CBAEC7 /* Formatter+Utils.swift */; };
		6CF9E747259E6EE200CBAEC7 /* CharacterAPI.swift in Sources */ = {isa = PBXBuildFile; fileRef = 6CF9E746259E6EE200CBAEC7 /* CharacterAPI.swift */; };
		6CF9E749259E70CA00CBAEC7 /* CharacterAPIMockData.swift in Sources */ = {isa = PBXBuildFile; fileRef = 6CF9E748259E70CA00CBAEC7 /* CharacterAPIMockData.swift */; };
		6CF9E74B259E712F00CBAEC7 /* Characters.json in Resources */ = {isa = PBXBuildFile; fileRef = 6CF9E74A259E712F00CBAEC7 /* Characters.json */; };
		6CF9E74D259E718F00CBAEC7 /* Character.json in Resources */ = {isa = PBXBuildFile; fileRef = 6CF9E74C259E718F00CBAEC7 /* Character.json */; };
		6CF9E74F259E728900CBAEC7 /* CharactersDataManagers.swift in Sources */ = {isa = PBXBuildFile; fileRef = 6CF9E74E259E728900CBAEC7 /* CharactersDataManagers.swift */; };
		6CF9E752259E898D00CBAEC7 /* CharactersViewController.swift in Sources */ = {isa = PBXBuildFile; fileRef = 6CF9E751259E898D00CBAEC7 /* CharactersViewController.swift */; };
		6CF9E755259F486400CBAEC7 /* CharactersCollectionViewCell.xib in Resources */ = {isa = PBXBuildFile; fileRef = 6CF9E754259F486400CBAEC7 /* CharactersCollectionViewCell.xib */; };
		6CF9E759259F4D3E00CBAEC7 /* CharactersCollectionViewCell.swift in Sources */ = {isa = PBXBuildFile; fileRef = 6CF9E758259F4D3E00CBAEC7 /* CharactersCollectionViewCell.swift */; };
		6CF9E75B259F4EFC00CBAEC7 /* UIImageView_Extensions.swift in Sources */ = {isa = PBXBuildFile; fileRef = 6CF9E75A259F4EFC00CBAEC7 /* UIImageView_Extensions.swift */; };
		6CF9E75E259F59C400CBAEC7 /* TwoColumnsViewFlowLayout.swift in Sources */ = {isa = PBXBuildFile; fileRef = 6CF9E75D259F59C400CBAEC7 /* TwoColumnsViewFlowLayout.swift */; };
		6CF9E760259F6E8800CBAEC7 /* CharactersPresenter.swift in Sources */ = {isa = PBXBuildFile; fileRef = 6CF9E75F259F6E8800CBAEC7 /* CharactersPresenter.swift */; };
		6CF9E762259F714600CBAEC7 /* CharactersWorker.swift in Sources */ = {isa = PBXBuildFile; fileRef = 6CF9E761259F714600CBAEC7 /* CharactersWorker.swift */; };
		6CF9E765259F75BB00CBAEC7 /* CharacterErrors.swift in Sources */ = {isa = PBXBuildFile; fileRef = 6CF9E764259F75BB00CBAEC7 /* CharacterErrors.swift */; };
		DC5D7D2BAEAAA202E55CDE4E /* libPods-marvelUITests.a in Frameworks */ = {isa = PBXBuildFile; fileRef = 0DB7C6B54E68E648B5443583 /* libPods-marvelUITests.a */; };
/* End PBXBuildFile section */

/* Begin PBXContainerItemProxy section */
		6C1E717E259CB5720040DF83 /* PBXContainerItemProxy */ = {
			isa = PBXContainerItemProxy;
			containerPortal = 6C1E715F259CB56F0040DF83 /* Project object */;
			proxyType = 1;
			remoteGlobalIDString = 6C1E7166259CB56F0040DF83;
			remoteInfo = marvel;
		};
		6C1E7189259CB5720040DF83 /* PBXContainerItemProxy */ = {
			isa = PBXContainerItemProxy;
			containerPortal = 6C1E715F259CB56F0040DF83 /* Project object */;
			proxyType = 1;
			remoteGlobalIDString = 6C1E7166259CB56F0040DF83;
			remoteInfo = marvel;
		};
/* End PBXContainerItemProxy section */

/* Begin PBXFileReference section */
		0DB7C6B54E68E648B5443583 /* libPods-marvelUITests.a */ = {isa = PBXFileReference; explicitFileType = archive.ar; includeInIndex = 0; path = "libPods-marvelUITests.a"; sourceTree = BUILT_PRODUCTS_DIR; };
		16BE573785614DCCDC73636A /* Pods-marvelUITests.debug.xcconfig */ = {isa = PBXFileReference; includeInIndex = 1; lastKnownFileType = text.xcconfig; name = "Pods-marvelUITests.debug.xcconfig"; path = "Target Support Files/Pods-marvelUITests/Pods-marvelUITests.debug.xcconfig"; sourceTree = "<group>"; };
		18DE866676B6B5B5BF0AC07D /* Pods_marvel.framework */ = {isa = PBXFileReference; explicitFileType = wrapper.framework; includeInIndex = 0; path = Pods_marvel.framework; sourceTree = BUILT_PRODUCTS_DIR; };
		1A32EFE1618468741CA0F095 /* Pods-marvelTests.release.xcconfig */ = {isa = PBXFileReference; includeInIndex = 1; lastKnownFileType = text.xcconfig; name = "Pods-marvelTests.release.xcconfig"; path = "Target Support Files/Pods-marvelTests/Pods-marvelTests.release.xcconfig"; sourceTree = "<group>"; };
		24A6E1F9C67610FA427E0A4A /* Pods-marvelUITests.release.xcconfig */ = {isa = PBXFileReference; includeInIndex = 1; lastKnownFileType = text.xcconfig; name = "Pods-marvelUITests.release.xcconfig"; path = "Target Support Files/Pods-marvelUITests/Pods-marvelUITests.release.xcconfig"; sourceTree = "<group>"; };
		3BE724A24531FB7B47C546D2 /* Pods-marvel.release.xcconfig */ = {isa = PBXFileReference; includeInIndex = 1; lastKnownFileType = text.xcconfig; name = "Pods-marvel.release.xcconfig"; path = "Target Support Files/Pods-marvel/Pods-marvel.release.xcconfig"; sourceTree = "<group>"; };
		55C398667B57D5C27E74E5BF /* Pods-marvel.debug.xcconfig */ = {isa = PBXFileReference; includeInIndex = 1; lastKnownFileType = text.xcconfig; name = "Pods-marvel.debug.xcconfig"; path = "Target Support Files/Pods-marvel/Pods-marvel.debug.xcconfig"; sourceTree = "<group>"; };
		685424D2F223AF079AC713F3 /* Pods_marvelTests.framework */ = {isa = PBXFileReference; explicitFileType = wrapper.framework; includeInIndex = 0; path = Pods_marvelTests.framework; sourceTree = BUILT_PRODUCTS_DIR; };
		6C08B46725A48FBB0021A6C0 /* CharactersInteractorTests.swift */ = {isa = PBXFileReference; lastKnownFileType = sourcecode.swift; path = CharactersInteractorTests.swift; sourceTree = "<group>"; };
		6C08B46925A49CA60021A6C0 /* CharactersPresenterTests.swift */ = {isa = PBXFileReference; lastKnownFileType = sourcecode.swift; path = CharactersPresenterTests.swift; sourceTree = "<group>"; };
		6C08B46C25A5EA380021A6C0 /* CoreDataManager.swift */ = {isa = PBXFileReference; lastKnownFileType = sourcecode.swift; path = CoreDataManager.swift; sourceTree = "<group>"; };
		6C08B46E25A61CBF0021A6C0 /* CharactersCoreDataWorker.swift */ = {isa = PBXFileReference; lastKnownFileType = sourcecode.swift; path = CharactersCoreDataWorker.swift; sourceTree = "<group>"; };
		6C1C7C8C259FA169006E4100 /* .gitignore */ = {isa = PBXFileReference; lastKnownFileType = text; path = .gitignore; sourceTree = "<group>"; };
		6C1E7167259CB56F0040DF83 /* marvel.app */ = {isa = PBXFileReference; explicitFileType = wrapper.application; includeInIndex = 0; path = marvel.app; sourceTree = BUILT_PRODUCTS_DIR; };
		6C1E716A259CB56F0040DF83 /* AppDelegate.swift */ = {isa = PBXFileReference; lastKnownFileType = sourcecode.swift; path = AppDelegate.swift; sourceTree = "<group>"; };
		6C1E7171259CB56F0040DF83 /* Base */ = {isa = PBXFileReference; lastKnownFileType = file.storyboard; name = Base; path = Base.lproj/Main.storyboard; sourceTree = "<group>"; };
		6C1E7173259CB5710040DF83 /* Assets.xcassets */ = {isa = PBXFileReference; lastKnownFileType = folder.assetcatalog; path = Assets.xcassets; sourceTree = "<group>"; };
		6C1E7176259CB5710040DF83 /* Base */ = {isa = PBXFileReference; lastKnownFileType = file.storyboard; name = Base; path = Base.lproj/LaunchScreen.storyboard; sourceTree = "<group>"; };
		6C1E7178259CB5710040DF83 /* Info.plist */ = {isa = PBXFileReference; lastKnownFileType = text.plist.xml; path = Info.plist; sourceTree = "<group>"; };
		6C1E717D259CB5720040DF83 /* marvelTests.xctest */ = {isa = PBXFileReference; explicitFileType = wrapper.cfbundle; includeInIndex = 0; path = marvelTests.xctest; sourceTree = BUILT_PRODUCTS_DIR; };
		6C1E7181259CB5720040DF83 /* marvelTests.swift */ = {isa = PBXFileReference; lastKnownFileType = sourcecode.swift; path = marvelTests.swift; sourceTree = "<group>"; };
		6C1E7183259CB5720040DF83 /* Info.plist */ = {isa = PBXFileReference; lastKnownFileType = text.plist.xml; path = Info.plist; sourceTree = "<group>"; };
		6C1E7188259CB5720040DF83 /* marvelUITests.xctest */ = {isa = PBXFileReference; explicitFileType = wrapper.cfbundle; includeInIndex = 0; path = marvelUITests.xctest; sourceTree = BUILT_PRODUCTS_DIR; };
		6C1E718C259CB5720040DF83 /* marvelUITests.swift */ = {isa = PBXFileReference; lastKnownFileType = sourcecode.swift; path = marvelUITests.swift; sourceTree = "<group>"; };
		6C1E718E259CB5720040DF83 /* Info.plist */ = {isa = PBXFileReference; lastKnownFileType = text.plist.xml; path = Info.plist; sourceTree = "<group>"; };
		6C1E719E259E1A0E0040DF83 /* CharactersModels.swift */ = {isa = PBXFileReference; lastKnownFileType = sourcecode.swift; path = CharactersModels.swift; sourceTree = "<group>"; };
		6C1E71A2259E1C320040DF83 /* Favorites.xcdatamodel */ = {isa = PBXFileReference; lastKnownFileType = wrapper.xcdatamodel; path = Favorites.xcdatamodel; sourceTree = "<group>"; };
		6C1E71A4259E25090040DF83 /* Character.swift */ = {isa = PBXFileReference; lastKnownFileType = sourcecode.swift; path = Character.swift; sourceTree = "<group>"; };
		6CA1200525A33A1F0054FF80 /* CharacterDataManagerMock.swift */ = {isa = PBXFileReference; lastKnownFileType = sourcecode.swift; path = CharacterDataManagerMock.swift; sourceTree = "<group>"; };
		6CA1200925A33CA20054FF80 /* CharacterMock.swift */ = {isa = PBXFileReference; lastKnownFileType = sourcecode.swift; path = CharacterMock.swift; sourceTree = "<group>"; };
		6CA1200C25A33F350054FF80 /* JSONMockingTool.swift */ = {isa = PBXFileReference; lastKnownFileType = sourcecode.swift; path = JSONMockingTool.swift; sourceTree = "<group>"; };
		6CA1200E25A33FAE0054FF80 /* Optional+Extensions.swift */ = {isa = PBXFileReference; lastKnownFileType = sourcecode.swift; path = "Optional+Extensions.swift"; sourceTree = "<group>"; };
		6CA1201225A341CB0054FF80 /* CharacterTests.swift */ = {isa = PBXFileReference; lastKnownFileType = sourcecode.swift; path = CharacterTests.swift; sourceTree = "<group>"; };
		6CA1201725A347FC0054FF80 /* DisplayedCharacterMock.swift */ = {isa = PBXFileReference; lastKnownFileType = sourcecode.swift; path = DisplayedCharacterMock.swift; sourceTree = "<group>"; };
		6CA1201925A34BBF0054FF80 /* PaginationStatusMock.swift */ = {isa = PBXFileReference; lastKnownFileType = sourcecode.swift; path = PaginationStatusMock.swift; sourceTree = "<group>"; };
		6CEADA5C25A205C10010196C /* CharactersViewControllerTests.swift */ = {isa = PBXFileReference; lastKnownFileType = sourcecode.swift; path = CharactersViewControllerTests.swift; sourceTree = "<group>"; };
		6CEEC8E125ADC1BD009894FC /* UIImage+Extensions.swift */ = {isa = PBXFileReference; lastKnownFileType = sourcecode.swift; path = "UIImage+Extensions.swift"; sourceTree = "<group>"; };
		6CEEC8E425ADC38E009894FC /* FavoritesCollectionViewCell.swift */ = {isa = PBXFileReference; lastKnownFileType = sourcecode.swift; path = FavoritesCollectionViewCell.swift; sourceTree = "<group>"; };
		6CEEC8E525ADC38E009894FC /* FavoritesCollectionViewCell.xib */ = {isa = PBXFileReference; lastKnownFileType = file.xib; path = FavoritesCollectionViewCell.xib; sourceTree = "<group>"; };
		6CEEC8E825ADC6DF009894FC /* FavoritesViewController.swift */ = {isa = PBXFileReference; lastKnownFileType = sourcecode.swift; path = FavoritesViewController.swift; sourceTree = "<group>"; };
		6CEEC8EA25ADC7A7009894FC /* FavoritesModel.swift */ = {isa = PBXFileReference; lastKnownFileType = sourcecode.swift; path = FavoritesModel.swift; sourceTree = "<group>"; };
		6CEEC8EC25ADC860009894FC /* FavoriteErrors.swift */ = {isa = PBXFileReference; lastKnownFileType = sourcecode.swift; path = FavoriteErrors.swift; sourceTree = "<group>"; };
		6CEEC8EE25ADC96C009894FC /* FavoritesInteractor.swift */ = {isa = PBXFileReference; lastKnownFileType = sourcecode.swift; path = FavoritesInteractor.swift; sourceTree = "<group>"; };
		6CEEC8F025ADCD52009894FC /* FavoritesCoreDataWorker.swift */ = {isa = PBXFileReference; lastKnownFileType = sourcecode.swift; path = FavoritesCoreDataWorker.swift; sourceTree = "<group>"; };
		6CEEC8F225ADCE9B009894FC /* FavoritesPresenter.swift */ = {isa = PBXFileReference; lastKnownFileType = sourcecode.swift; path = FavoritesPresenter.swift; sourceTree = "<group>"; };
		6CEEC8F525ADD2E4009894FC /* Alert.swift */ = {isa = PBXFileReference; lastKnownFileType = sourcecode.swift; path = Alert.swift; sourceTree = "<group>"; };
		6CEEC8F825ADF360009894FC /* SingleCharacterCollectionViewCell.swift */ = {isa = PBXFileReference; lastKnownFileType = sourcecode.swift; path = SingleCharacterCollectionViewCell.swift; sourceTree = "<group>"; };
		6CEEC8FA25ADF37F009894FC /* SingleCharacterCollectionViewCell.xib */ = {isa = PBXFileReference; lastKnownFileType = file.xib; path = SingleCharacterCollectionViewCell.xib; sourceTree = "<group>"; };
		6CEEC8FC25ADF74A009894FC /* SingleCharacterModel.swift */ = {isa = PBXFileReference; lastKnownFileType = sourcecode.swift; path = SingleCharacterModel.swift; sourceTree = "<group>"; };
		6CEEC8FE25AE6F31009894FC /* SingleCharacterErrors.swift */ = {isa = PBXFileReference; lastKnownFileType = sourcecode.swift; path = SingleCharacterErrors.swift; sourceTree = "<group>"; };
		6CEEC90025AE704E009894FC /* SingleCharacterInteractor.swift */ = {isa = PBXFileReference; lastKnownFileType = sourcecode.swift; path = SingleCharacterInteractor.swift; sourceTree = "<group>"; };
		6CEEC90225AE7118009894FC /* SingleCharacterWorker.swift */ = {isa = PBXFileReference; lastKnownFileType = sourcecode.swift; path = SingleCharacterWorker.swift; sourceTree = "<group>"; };
		6CEEC90425AE7172009894FC /* SingleCharacterDataManager.swift */ = {isa = PBXFileReference; lastKnownFileType = sourcecode.swift; path = SingleCharacterDataManager.swift; sourceTree = "<group>"; };
		6CEEC90625AE81A9009894FC /* SingleCharacterPresenter.swift */ = {isa = PBXFileReference; lastKnownFileType = sourcecode.swift; path = SingleCharacterPresenter.swift; sourceTree = "<group>"; };
		6CEEC90825AE87D6009894FC /* SingleCharacterViewController.swift */ = {isa = PBXFileReference; lastKnownFileType = sourcecode.swift; path = SingleCharacterViewController.swift; sourceTree = "<group>"; };
		6CF9E737259E369500CBAEC7 /* CharactersInteractor.swift */ = {isa = PBXFileReference; lastKnownFileType = sourcecode.swift; path = CharactersInteractor.swift; sourceTree = "<group>"; };
		6CF9E73B259E381500CBAEC7 /* ApiConfig.swift */ = {isa = PBXFileReference; lastKnownFileType = sourcecode.swift; path = ApiConfig.swift; sourceTree = "<group>"; };
		6CF9E73D259E38F000CBAEC7 /* Moya+Extensions.swift */ = {isa = PBXFileReference; lastKnownFileType = sourcecode.swift; path = "Moya+Extensions.swift"; sourceTree = "<group>"; };
		6CF9E73F259E391600CBAEC7 /* APIManager.swift */ = {isa = PBXFileReference; lastKnownFileType = sourcecode.swift; path = APIManager.swift; sourceTree = "<group>"; };
		6CF9E742259E399F00CBAEC7 /* Formatter+Utils.swift */ = {isa = PBXFileReference; lastKnownFileType = sourcecode.swift; path = "Formatter+Utils.swift"; sourceTree = "<group>"; };
		6CF9E746259E6EE200CBAEC7 /* CharacterAPI.swift */ = {isa = PBXFileReference; lastKnownFileType = sourcecode.swift; path = CharacterAPI.swift; sourceTree = "<group>"; };
		6CF9E748259E70CA00CBAEC7 /* CharacterAPIMockData.swift */ = {isa = PBXFileReference; lastKnownFileType = sourcecode.swift; path = CharacterAPIMockData.swift; sourceTree = "<group>"; };
		6CF9E74A259E712F00CBAEC7 /* Characters.json */ = {isa = PBXFileReference; lastKnownFileType = text.json; path = Characters.json; sourceTree = "<group>"; };
		6CF9E74C259E718F00CBAEC7 /* Character.json */ = {isa = PBXFileReference; lastKnownFileType = text.json; path = Character.json; sourceTree = "<group>"; };
		6CF9E74E259E728900CBAEC7 /* CharactersDataManagers.swift */ = {isa = PBXFileReference; lastKnownFileType = sourcecode.swift; path = CharactersDataManagers.swift; sourceTree = "<group>"; };
		6CF9E751259E898D00CBAEC7 /* CharactersViewController.swift */ = {isa = PBXFileReference; lastKnownFileType = sourcecode.swift; path = CharactersViewController.swift; sourceTree = "<group>"; };
		6CF9E754259F486400CBAEC7 /* CharactersCollectionViewCell.xib */ = {isa = PBXFileReference; lastKnownFileType = file.xib; path = CharactersCollectionViewCell.xib; sourceTree = "<group>"; };
		6CF9E758259F4D3E00CBAEC7 /* CharactersCollectionViewCell.swift */ = {isa = PBXFileReference; lastKnownFileType = sourcecode.swift; path = CharactersCollectionViewCell.swift; sourceTree = "<group>"; };
		6CF9E75A259F4EFC00CBAEC7 /* UIImageView_Extensions.swift */ = {isa = PBXFileReference; lastKnownFileType = sourcecode.swift; path = UIImageView_Extensions.swift; sourceTree = "<group>"; };
		6CF9E75D259F59C400CBAEC7 /* TwoColumnsViewFlowLayout.swift */ = {isa = PBXFileReference; lastKnownFileType = sourcecode.swift; path = TwoColumnsViewFlowLayout.swift; sourceTree = "<group>"; };
		6CF9E75F259F6E8800CBAEC7 /* CharactersPresenter.swift */ = {isa = PBXFileReference; lastKnownFileType = sourcecode.swift; path = CharactersPresenter.swift; sourceTree = "<group>"; };
		6CF9E761259F714600CBAEC7 /* CharactersWorker.swift */ = {isa = PBXFileReference; lastKnownFileType = sourcecode.swift; path = CharactersWorker.swift; sourceTree = "<group>"; };
		6CF9E764259F75BB00CBAEC7 /* CharacterErrors.swift */ = {isa = PBXFileReference; lastKnownFileType = sourcecode.swift; path = CharacterErrors.swift; sourceTree = "<group>"; };
		7D2BE2BB1C7B511AF872726C /* Pods-marvelTests.debug.xcconfig */ = {isa = PBXFileReference; includeInIndex = 1; lastKnownFileType = text.xcconfig; name = "Pods-marvelTests.debug.xcconfig"; path = "Target Support Files/Pods-marvelTests/Pods-marvelTests.debug.xcconfig"; sourceTree = "<group>"; };
/* End PBXFileReference section */

/* Begin PBXFrameworksBuildPhase section */
		6C1E7164259CB56F0040DF83 /* Frameworks */ = {
			isa = PBXFrameworksBuildPhase;
			buildActionMask = 2147483647;
			files = (
				2A5AE72C4729AD911D76AB4E /* Pods_marvel.framework in Frameworks */,
			);
			runOnlyForDeploymentPostprocessing = 0;
		};
		6C1E717A259CB5720040DF83 /* Frameworks */ = {
			isa = PBXFrameworksBuildPhase;
			buildActionMask = 2147483647;
			files = (
				3A8195605E1F1F77E4DB3636 /* Pods_marvelTests.framework in Frameworks */,
			);
			runOnlyForDeploymentPostprocessing = 0;
		};
		6C1E7185259CB5720040DF83 /* Frameworks */ = {
			isa = PBXFrameworksBuildPhase;
			buildActionMask = 2147483647;
			files = (
				DC5D7D2BAEAAA202E55CDE4E /* libPods-marvelUITests.a in Frameworks */,
			);
			runOnlyForDeploymentPostprocessing = 0;
		};
/* End PBXFrameworksBuildPhase section */

/* Begin PBXGroup section */
		172107CCED098080AA709A8C /* Frameworks */ = {
			isa = PBXGroup;
			children = (
				18DE866676B6B5B5BF0AC07D /* Pods_marvel.framework */,
				685424D2F223AF079AC713F3 /* Pods_marvelTests.framework */,
				0DB7C6B54E68E648B5443583 /* libPods-marvelUITests.a */,
			);
			name = Frameworks;
			sourceTree = "<group>";
		};
		6C08B46B25A5EA110021A6C0 /* CoreData */ = {
			isa = PBXGroup;
			children = (
				6C1E71A1259E1C320040DF83 /* Favorites.xcdatamodeld */,
				6C08B46C25A5EA380021A6C0 /* CoreDataManager.swift */,
			);
			path = CoreData;
			sourceTree = "<group>";
		};
		6C1E715E259CB56F0040DF83 = {
			isa = PBXGroup;
			children = (
				6C1C7C8C259FA169006E4100 /* .gitignore */,
				6C1E7169259CB56F0040DF83 /* marvel */,
				6C1E7180259CB5720040DF83 /* marvelTests */,
				6C1E718B259CB5720040DF83 /* marvelUITests */,
				6C1E7168259CB56F0040DF83 /* Products */,
				E8F1A5A1CB6BF2097DDE8D84 /* Pods */,
				172107CCED098080AA709A8C /* Frameworks */,
			);
			sourceTree = "<group>";
		};
		6C1E7168259CB56F0040DF83 /* Products */ = {
			isa = PBXGroup;
			children = (
				6C1E7167259CB56F0040DF83 /* marvel.app */,
				6C1E717D259CB5720040DF83 /* marvelTests.xctest */,
				6C1E7188259CB5720040DF83 /* marvelUITests.xctest */,
			);
			name = Products;
			sourceTree = "<group>";
		};
		6C1E7169259CB56F0040DF83 /* marvel */ = {
			isa = PBXGroup;
			children = (
				6CF9E739259E37F000CBAEC7 /* Common */,
				6C1E71A0259E1B170040DF83 /* Models */,
				6C1E719A259CBAF00040DF83 /* Scenes */,
				6C1E716A259CB56F0040DF83 /* AppDelegate.swift */,
				6C1E7170259CB56F0040DF83 /* Main.storyboard */,
				6C1E7173259CB5710040DF83 /* Assets.xcassets */,
				6C1E7175259CB5710040DF83 /* LaunchScreen.storyboard */,
				6C1E7178259CB5710040DF83 /* Info.plist */,
			);
			path = marvel;
			sourceTree = "<group>";
		};
		6C1E7180259CB5720040DF83 /* marvelTests */ = {
			isa = PBXGroup;
			children = (
				6CA1201025A341A50054FF80 /* Common */,
				6CA1200225A33A030054FF80 /* Utils */,
				6CA1201425A347750054FF80 /* Scenes */,
				6C1E7181259CB5720040DF83 /* marvelTests.swift */,
				6C1E7183259CB5720040DF83 /* Info.plist */,
			);
			path = marvelTests;
			sourceTree = "<group>";
		};
		6C1E718B259CB5720040DF83 /* marvelUITests */ = {
			isa = PBXGroup;
			children = (
				6C1E718C259CB5720040DF83 /* marvelUITests.swift */,
				6C1E718E259CB5720040DF83 /* Info.plist */,
			);
			path = marvelUITests;
			sourceTree = "<group>";
		};
		6C1E719A259CBAF00040DF83 /* Scenes */ = {
			isa = PBXGroup;
			children = (
				6C1E719D259CCDA50040DF83 /* SingleCharacter */,
				6C1E719C259CCD9F0040DF83 /* Favorites */,
				6C1E719B259CCD8C0040DF83 /* Characters */,
			);
			path = Scenes;
			sourceTree = "<group>";
		};
		6C1E719B259CCD8C0040DF83 /* Characters */ = {
			isa = PBXGroup;
			children = (
				6CF9E753259F483600CBAEC7 /* UIElements */,
				6C1E719E259E1A0E0040DF83 /* CharactersModels.swift */,
				6CF9E737259E369500CBAEC7 /* CharactersInteractor.swift */,
				6CF9E751259E898D00CBAEC7 /* CharactersViewController.swift */,
				6CF9E75F259F6E8800CBAEC7 /* CharactersPresenter.swift */,
				6CF9E761259F714600CBAEC7 /* CharactersWorker.swift */,
				6C08B46E25A61CBF0021A6C0 /* CharactersCoreDataWorker.swift */,
			);
			path = Characters;
			sourceTree = "<group>";
		};
		6C1E719C259CCD9F0040DF83 /* Favorites */ = {
			isa = PBXGroup;
			children = (
				6CEEC8E325ADC36E009894FC /* UIElements */,
				6CEEC8E825ADC6DF009894FC /* FavoritesViewController.swift */,
				6CEEC8EA25ADC7A7009894FC /* FavoritesModel.swift */,
				6CEEC8EE25ADC96C009894FC /* FavoritesInteractor.swift */,
				6CEEC8F025ADCD52009894FC /* FavoritesCoreDataWorker.swift */,
				6CEEC8F225ADCE9B009894FC /* FavoritesPresenter.swift */,
			);
			path = Favorites;
			sourceTree = "<group>";
		};
		6C1E719D259CCDA50040DF83 /* SingleCharacter */ = {
			isa = PBXGroup;
			children = (
				6CEEC8F725ADF31B009894FC /* UIElements */,
				6CEEC8FC25ADF74A009894FC /* SingleCharacterModel.swift */,
				6CEEC90025AE704E009894FC /* SingleCharacterInteractor.swift */,
				6CEEC90225AE7118009894FC /* SingleCharacterWorker.swift */,
				6CEEC90625AE81A9009894FC /* SingleCharacterPresenter.swift */,
				6CEEC90825AE87D6009894FC /* SingleCharacterViewController.swift */,
			);
			path = SingleCharacter;
			sourceTree = "<group>";
		};
		6C1E71A0259E1B170040DF83 /* Models */ = {
			isa = PBXGroup;
			children = (
				6C1E71A4259E25090040DF83 /* Character.swift */,
			);
			path = Models;
			sourceTree = "<group>";
		};
		6CA1200225A33A030054FF80 /* Utils */ = {
			isa = PBXGroup;
			children = (
				6CA1200325A33A090054FF80 /* Stubs */,
				6CA1200B25A33F150054FF80 /* TestTools */,
			);
			path = Utils;
			sourceTree = "<group>";
		};
		6CA1200325A33A090054FF80 /* Stubs */ = {
			isa = PBXGroup;
			children = (
				6CA1200825A33C500054FF80 /* Models */,
				6CA1200425A33A0F0054FF80 /* Network */,
			);
			path = Stubs;
			sourceTree = "<group>";
		};
		6CA1200425A33A0F0054FF80 /* Network */ = {
			isa = PBXGroup;
			children = (
				6CA1200525A33A1F0054FF80 /* CharacterDataManagerMock.swift */,
			);
			path = Network;
			sourceTree = "<group>";
		};
		6CA1200825A33C500054FF80 /* Models */ = {
			isa = PBXGroup;
			children = (
				6CA1200925A33CA20054FF80 /* CharacterMock.swift */,
			);
			path = Models;
			sourceTree = "<group>";
		};
		6CA1200B25A33F150054FF80 /* TestTools */ = {
			isa = PBXGroup;
			children = (
				6CA1200C25A33F350054FF80 /* JSONMockingTool.swift */,
			);
			path = TestTools;
			sourceTree = "<group>";
		};
		6CA1201025A341A50054FF80 /* Common */ = {
			isa = PBXGroup;
			children = (
				6CA1201125A341AE0054FF80 /* Model */,
			);
			path = Common;
			sourceTree = "<group>";
		};
		6CA1201125A341AE0054FF80 /* Model */ = {
			isa = PBXGroup;
			children = (
				6CA1201225A341CB0054FF80 /* CharacterTests.swift */,
			);
			path = Model;
			sourceTree = "<group>";
		};
		6CA1201425A347750054FF80 /* Scenes */ = {
			isa = PBXGroup;
			children = (
				6CA1201525A347860054FF80 /* Characters */,
			);
			path = Scenes;
			sourceTree = "<group>";
		};
		6CA1201525A347860054FF80 /* Characters */ = {
			isa = PBXGroup;
			children = (
				6CA1201625A347A20054FF80 /* Stubs */,
				6CEADA5C25A205C10010196C /* CharactersViewControllerTests.swift */,
				6C08B46725A48FBB0021A6C0 /* CharactersInteractorTests.swift */,
				6C08B46925A49CA60021A6C0 /* CharactersPresenterTests.swift */,
			);
			path = Characters;
			sourceTree = "<group>";
		};
		6CA1201625A347A20054FF80 /* Stubs */ = {
			isa = PBXGroup;
			children = (
				6CA1201725A347FC0054FF80 /* DisplayedCharacterMock.swift */,
				6CA1201925A34BBF0054FF80 /* PaginationStatusMock.swift */,
			);
			path = Stubs;
			sourceTree = "<group>";
		};
		6CEEC8E325ADC36E009894FC /* UIElements */ = {
			isa = PBXGroup;
			children = (
				6CEEC8E425ADC38E009894FC /* FavoritesCollectionViewCell.swift */,
				6CEEC8E525ADC38E009894FC /* FavoritesCollectionViewCell.xib */,
			);
			path = UIElements;
			sourceTree = "<group>";
		};
		6CEEC8F425ADD2D4009894FC /* UIElements */ = {
			isa = PBXGroup;
			children = (
				6CEEC8F525ADD2E4009894FC /* Alert.swift */,
			);
			path = UIElements;
			sourceTree = "<group>";
		};
		6CEEC8F725ADF31B009894FC /* UIElements */ = {
			isa = PBXGroup;
			children = (
				6CEEC8F825ADF360009894FC /* SingleCharacterCollectionViewCell.swift */,
				6CEEC8FA25ADF37F009894FC /* SingleCharacterCollectionViewCell.xib */,
			);
			path = UIElements;
			sourceTree = "<group>";
		};
		6CF9E739259E37F000CBAEC7 /* Common */ = {
			isa = PBXGroup;
			children = (
				6CEEC8F425ADD2D4009894FC /* UIElements */,
				6C08B46B25A5EA110021A6C0 /* CoreData */,
				6CF9E763259F75A300CBAEC7 /* Errors */,
				6CF9E75C259F59A700CBAEC7 /* Utils */,
				6CF9E750259E753100CBAEC7 /* DataManagers */,
				6CF9E741259E398400CBAEC7 /* Extensions */,
				6CF9E73A259E380200CBAEC7 /* Network */,
			);
			path = Common;
			sourceTree = "<group>";
		};
		6CF9E73A259E380200CBAEC7 /* Network */ = {
			isa = PBXGroup;
			children = (
				6CF9E744259E6EAA00CBAEC7 /* Characters */,
				6CF9E73B259E381500CBAEC7 /* ApiConfig.swift */,
				6CF9E73D259E38F000CBAEC7 /* Moya+Extensions.swift */,
				6CF9E73F259E391600CBAEC7 /* APIManager.swift */,
			);
			path = Network;
			sourceTree = "<group>";
		};
		6CF9E741259E398400CBAEC7 /* Extensions */ = {
			isa = PBXGroup;
			children = (
				6CF9E742259E399F00CBAEC7 /* Formatter+Utils.swift */,
				6CF9E75A259F4EFC00CBAEC7 /* UIImageView_Extensions.swift */,
				6CA1200E25A33FAE0054FF80 /* Optional+Extensions.swift */,
				6CEEC8E125ADC1BD009894FC /* UIImage+Extensions.swift */,
			);
			path = Extensions;
			sourceTree = "<group>";
		};
		6CF9E744259E6EAA00CBAEC7 /* Characters */ = {
			isa = PBXGroup;
			children = (
				6CF9E745259E6EB400CBAEC7 /* Stubs */,
				6CF9E746259E6EE200CBAEC7 /* CharacterAPI.swift */,
				6CF9E748259E70CA00CBAEC7 /* CharacterAPIMockData.swift */,
			);
			path = Characters;
			sourceTree = "<group>";
		};
		6CF9E745259E6EB400CBAEC7 /* Stubs */ = {
			isa = PBXGroup;
			children = (
				6CF9E74A259E712F00CBAEC7 /* Characters.json */,
				6CF9E74C259E718F00CBAEC7 /* Character.json */,
			);
			path = Stubs;
			sourceTree = "<group>";
		};
		6CF9E750259E753100CBAEC7 /* DataManagers */ = {
			isa = PBXGroup;
			children = (
				6CF9E74E259E728900CBAEC7 /* CharactersDataManagers.swift */,
				6CEEC90425AE7172009894FC /* SingleCharacterDataManager.swift */,
			);
			path = DataManagers;
			sourceTree = "<group>";
		};
		6CF9E753259F483600CBAEC7 /* UIElements */ = {
			isa = PBXGroup;
			children = (
				6CF9E754259F486400CBAEC7 /* CharactersCollectionViewCell.xib */,
				6CF9E758259F4D3E00CBAEC7 /* CharactersCollectionViewCell.swift */,
			);
			path = UIElements;
			sourceTree = "<group>";
		};
		6CF9E75C259F59A700CBAEC7 /* Utils */ = {
			isa = PBXGroup;
			children = (
				6CF9E75D259F59C400CBAEC7 /* TwoColumnsViewFlowLayout.swift */,
			);
			path = Utils;
			sourceTree = "<group>";
		};
		6CF9E763259F75A300CBAEC7 /* Errors */ = {
			isa = PBXGroup;
			children = (
				6CF9E764259F75BB00CBAEC7 /* CharacterErrors.swift */,
				6CEEC8EC25ADC860009894FC /* FavoriteErrors.swift */,
				6CEEC8FE25AE6F31009894FC /* SingleCharacterErrors.swift */,
			);
			path = Errors;
			sourceTree = "<group>";
		};
		E8F1A5A1CB6BF2097DDE8D84 /* Pods */ = {
			isa = PBXGroup;
			children = (
				55C398667B57D5C27E74E5BF /* Pods-marvel.debug.xcconfig */,
				3BE724A24531FB7B47C546D2 /* Pods-marvel.release.xcconfig */,
				7D2BE2BB1C7B511AF872726C /* Pods-marvelTests.debug.xcconfig */,
				1A32EFE1618468741CA0F095 /* Pods-marvelTests.release.xcconfig */,
				16BE573785614DCCDC73636A /* Pods-marvelUITests.debug.xcconfig */,
				24A6E1F9C67610FA427E0A4A /* Pods-marvelUITests.release.xcconfig */,
			);
			path = Pods;
			sourceTree = "<group>";
		};
/* End PBXGroup section */

/* Begin PBXNativeTarget section */
		6C1E7166259CB56F0040DF83 /* marvel */ = {
			isa = PBXNativeTarget;
			buildConfigurationList = 6C1E7191259CB5720040DF83 /* Build configuration list for PBXNativeTarget "marvel" */;
			buildPhases = (
				15E21677B6D5ADEABD443F18 /* [CP] Check Pods Manifest.lock */,
				6C1E7163259CB56F0040DF83 /* Sources */,
				6C1E7164259CB56F0040DF83 /* Frameworks */,
				6C1E7165259CB56F0040DF83 /* Resources */,
				9ADE57572DB13BE2F6190E31 /* [CP] Embed Pods Frameworks */,
			);
			buildRules = (
			);
			dependencies = (
			);
			name = marvel;
			productName = marvel;
			productReference = 6C1E7167259CB56F0040DF83 /* marvel.app */;
			productType = "com.apple.product-type.application";
		};
		6C1E717C259CB5720040DF83 /* marvelTests */ = {
			isa = PBXNativeTarget;
			buildConfigurationList = 6C1E7194259CB5720040DF83 /* Build configuration list for PBXNativeTarget "marvelTests" */;
			buildPhases = (
				9F83D2EC6F1997E6583C6630 /* [CP] Check Pods Manifest.lock */,
				6C1E7179259CB5720040DF83 /* Sources */,
				6C1E717A259CB5720040DF83 /* Frameworks */,
				6C1E717B259CB5720040DF83 /* Resources */,
				0D0D005C7C445C780BF30BC2 /* [CP] Embed Pods Frameworks */,
			);
			buildRules = (
			);
			dependencies = (
				6C1E717F259CB5720040DF83 /* PBXTargetDependency */,
			);
			name = marvelTests;
			productName = marvelTests;
			productReference = 6C1E717D259CB5720040DF83 /* marvelTests.xctest */;
			productType = "com.apple.product-type.bundle.unit-test";
		};
		6C1E7187259CB5720040DF83 /* marvelUITests */ = {
			isa = PBXNativeTarget;
			buildConfigurationList = 6C1E7197259CB5720040DF83 /* Build configuration list for PBXNativeTarget "marvelUITests" */;
			buildPhases = (
				CA62D6392878D3B60FFBE6A3 /* [CP] Check Pods Manifest.lock */,
				6C1E7184259CB5720040DF83 /* Sources */,
				6C1E7185259CB5720040DF83 /* Frameworks */,
				6C1E7186259CB5720040DF83 /* Resources */,
			);
			buildRules = (
			);
			dependencies = (
				6C1E718A259CB5720040DF83 /* PBXTargetDependency */,
			);
			name = marvelUITests;
			productName = marvelUITests;
			productReference = 6C1E7188259CB5720040DF83 /* marvelUITests.xctest */;
			productType = "com.apple.product-type.bundle.ui-testing";
		};
/* End PBXNativeTarget section */

/* Begin PBXProject section */
		6C1E715F259CB56F0040DF83 /* Project object */ = {
			isa = PBXProject;
			attributes = {
				LastSwiftUpdateCheck = 1130;
				LastUpgradeCheck = 1130;
				ORGANIZATIONNAME = "Fernando Luiz Goulart";
				TargetAttributes = {
					6C1E7166259CB56F0040DF83 = {
						CreatedOnToolsVersion = 11.3.1;
					};
					6C1E717C259CB5720040DF83 = {
						CreatedOnToolsVersion = 11.3.1;
						TestTargetID = 6C1E7166259CB56F0040DF83;
					};
					6C1E7187259CB5720040DF83 = {
						CreatedOnToolsVersion = 11.3.1;
						TestTargetID = 6C1E7166259CB56F0040DF83;
					};
				};
			};
			buildConfigurationList = 6C1E7162259CB56F0040DF83 /* Build configuration list for PBXProject "marvel" */;
			compatibilityVersion = "Xcode 9.3";
			developmentRegion = en;
			hasScannedForEncodings = 0;
			knownRegions = (
				en,
				Base,
			);
			mainGroup = 6C1E715E259CB56F0040DF83;
			productRefGroup = 6C1E7168259CB56F0040DF83 /* Products */;
			projectDirPath = "";
			projectRoot = "";
			targets = (
				6C1E7166259CB56F0040DF83 /* marvel */,
				6C1E717C259CB5720040DF83 /* marvelTests */,
				6C1E7187259CB5720040DF83 /* marvelUITests */,
			);
		};
/* End PBXProject section */

/* Begin PBXResourcesBuildPhase section */
		6C1E7165259CB56F0040DF83 /* Resources */ = {
			isa = PBXResourcesBuildPhase;
			buildActionMask = 2147483647;
			files = (
				6C1E7177259CB5710040DF83 /* LaunchScreen.storyboard in Resources */,
				6C1C7C8D259FA169006E4100 /* .gitignore in Resources */,
				6CEEC8E725ADC38E009894FC /* FavoritesCollectionViewCell.xib in Resources */,
				6CEEC8FB25ADF37F009894FC /* SingleCharacterCollectionViewCell.xib in Resources */,
				6C1E7174259CB5710040DF83 /* Assets.xcassets in Resources */,
				6CF9E755259F486400CBAEC7 /* CharactersCollectionViewCell.xib in Resources */,
				6CF9E74D259E718F00CBAEC7 /* Character.json in Resources */,
				6C1E7172259CB56F0040DF83 /* Main.storyboard in Resources */,
				6CF9E74B259E712F00CBAEC7 /* Characters.json in Resources */,
			);
			runOnlyForDeploymentPostprocessing = 0;
		};
		6C1E717B259CB5720040DF83 /* Resources */ = {
			isa = PBXResourcesBuildPhase;
			buildActionMask = 2147483647;
			files = (
				6CEADA5E25A206A80010196C /* Main.storyboard in Resources */,
			);
			runOnlyForDeploymentPostprocessing = 0;
		};
		6C1E7186259CB5720040DF83 /* Resources */ = {
			isa = PBXResourcesBuildPhase;
			buildActionMask = 2147483647;
			files = (
			);
			runOnlyForDeploymentPostprocessing = 0;
		};
/* End PBXResourcesBuildPhase section */

/* Begin PBXShellScriptBuildPhase section */
		0D0D005C7C445C780BF30BC2 /* [CP] Embed Pods Frameworks */ = {
			isa = PBXShellScriptBuildPhase;
			buildActionMask = 2147483647;
			files = (
			);
			inputFileListPaths = (
				"${PODS_ROOT}/Target Support Files/Pods-marvelTests/Pods-marvelTests-frameworks-${CONFIGURATION}-input-files.xcfilelist",
			);
			name = "[CP] Embed Pods Frameworks";
			outputFileListPaths = (
				"${PODS_ROOT}/Target Support Files/Pods-marvelTests/Pods-marvelTests-frameworks-${CONFIGURATION}-output-files.xcfilelist",
			);
			runOnlyForDeploymentPostprocessing = 0;
			shellPath = /bin/sh;
			shellScript = "\"${PODS_ROOT}/Target Support Files/Pods-marvelTests/Pods-marvelTests-frameworks.sh\"\n";
			showEnvVarsInLog = 0;
		};
		15E21677B6D5ADEABD443F18 /* [CP] Check Pods Manifest.lock */ = {
			isa = PBXShellScriptBuildPhase;
			buildActionMask = 2147483647;
			files = (
			);
			inputFileListPaths = (
			);
			inputPaths = (
				"${PODS_PODFILE_DIR_PATH}/Podfile.lock",
				"${PODS_ROOT}/Manifest.lock",
			);
			name = "[CP] Check Pods Manifest.lock";
			outputFileListPaths = (
			);
			outputPaths = (
				"$(DERIVED_FILE_DIR)/Pods-marvel-checkManifestLockResult.txt",
			);
			runOnlyForDeploymentPostprocessing = 0;
			shellPath = /bin/sh;
			shellScript = "diff \"${PODS_PODFILE_DIR_PATH}/Podfile.lock\" \"${PODS_ROOT}/Manifest.lock\" > /dev/null\nif [ $? != 0 ] ; then\n    # print error to STDERR\n    echo \"error: The sandbox is not in sync with the Podfile.lock. Run 'pod install' or update your CocoaPods installation.\" >&2\n    exit 1\nfi\n# This output is used by Xcode 'outputs' to avoid re-running this script phase.\necho \"SUCCESS\" > \"${SCRIPT_OUTPUT_FILE_0}\"\n";
			showEnvVarsInLog = 0;
		};
		9ADE57572DB13BE2F6190E31 /* [CP] Embed Pods Frameworks */ = {
			isa = PBXShellScriptBuildPhase;
			buildActionMask = 2147483647;
			files = (
			);
			inputFileListPaths = (
				"${PODS_ROOT}/Target Support Files/Pods-marvel/Pods-marvel-frameworks-${CONFIGURATION}-input-files.xcfilelist",
			);
			name = "[CP] Embed Pods Frameworks";
			outputFileListPaths = (
				"${PODS_ROOT}/Target Support Files/Pods-marvel/Pods-marvel-frameworks-${CONFIGURATION}-output-files.xcfilelist",
			);
			runOnlyForDeploymentPostprocessing = 0;
			shellPath = /bin/sh;
			shellScript = "\"${PODS_ROOT}/Target Support Files/Pods-marvel/Pods-marvel-frameworks.sh\"\n";
			showEnvVarsInLog = 0;
		};
		9F83D2EC6F1997E6583C6630 /* [CP] Check Pods Manifest.lock */ = {
			isa = PBXShellScriptBuildPhase;
			buildActionMask = 2147483647;
			files = (
			);
			inputFileListPaths = (
			);
			inputPaths = (
				"${PODS_PODFILE_DIR_PATH}/Podfile.lock",
				"${PODS_ROOT}/Manifest.lock",
			);
			name = "[CP] Check Pods Manifest.lock";
			outputFileListPaths = (
			);
			outputPaths = (
				"$(DERIVED_FILE_DIR)/Pods-marvelTests-checkManifestLockResult.txt",
			);
			runOnlyForDeploymentPostprocessing = 0;
			shellPath = /bin/sh;
			shellScript = "diff \"${PODS_PODFILE_DIR_PATH}/Podfile.lock\" \"${PODS_ROOT}/Manifest.lock\" > /dev/null\nif [ $? != 0 ] ; then\n    # print error to STDERR\n    echo \"error: The sandbox is not in sync with the Podfile.lock. Run 'pod install' or update your CocoaPods installation.\" >&2\n    exit 1\nfi\n# This output is used by Xcode 'outputs' to avoid re-running this script phase.\necho \"SUCCESS\" > \"${SCRIPT_OUTPUT_FILE_0}\"\n";
			showEnvVarsInLog = 0;
		};
		CA62D6392878D3B60FFBE6A3 /* [CP] Check Pods Manifest.lock */ = {
			isa = PBXShellScriptBuildPhase;
			buildActionMask = 2147483647;
			files = (
			);
			inputFileListPaths = (
			);
			inputPaths = (
				"${PODS_PODFILE_DIR_PATH}/Podfile.lock",
				"${PODS_ROOT}/Manifest.lock",
			);
			name = "[CP] Check Pods Manifest.lock";
			outputFileListPaths = (
			);
			outputPaths = (
				"$(DERIVED_FILE_DIR)/Pods-marvelUITests-checkManifestLockResult.txt",
			);
			runOnlyForDeploymentPostprocessing = 0;
			shellPath = /bin/sh;
			shellScript = "diff \"${PODS_PODFILE_DIR_PATH}/Podfile.lock\" \"${PODS_ROOT}/Manifest.lock\" > /dev/null\nif [ $? != 0 ] ; then\n    # print error to STDERR\n    echo \"error: The sandbox is not in sync with the Podfile.lock. Run 'pod install' or update your CocoaPods installation.\" >&2\n    exit 1\nfi\n# This output is used by Xcode 'outputs' to avoid re-running this script phase.\necho \"SUCCESS\" > \"${SCRIPT_OUTPUT_FILE_0}\"\n";
			showEnvVarsInLog = 0;
		};
/* End PBXShellScriptBuildPhase section */

/* Begin PBXSourcesBuildPhase section */
		6C1E7163259CB56F0040DF83 /* Sources */ = {
			isa = PBXSourcesBuildPhase;
			buildActionMask = 2147483647;
			files = (
				6CEEC90525AE7172009894FC /* SingleCharacterDataManager.swift in Sources */,
				6CF9E759259F4D3E00CBAEC7 /* CharactersCollectionViewCell.swift in Sources */,
				6CEEC8ED25ADC860009894FC /* FavoriteErrors.swift in Sources */,
				6CEEC8FF25AE6F31009894FC /* SingleCharacterErrors.swift in Sources */,
				6CEEC8EF25ADC96C009894FC /* FavoritesInteractor.swift in Sources */,
				6CA1200F25A33FAE0054FF80 /* Optional+Extensions.swift in Sources */,
				6CEEC8E625ADC38E009894FC /* FavoritesCollectionViewCell.swift in Sources */,
				6CF9E762259F714600CBAEC7 /* CharactersWorker.swift in Sources */,
				6CF9E743259E399F00CBAEC7 /* Formatter+Utils.swift in Sources */,
				6CF9E73E259E38F000CBAEC7 /* Moya+Extensions.swift in Sources */,
				6CEEC90125AE704E009894FC /* SingleCharacterInteractor.swift in Sources */,
				6CF9E765259F75BB00CBAEC7 /* CharacterErrors.swift in Sources */,
				6CEEC90725AE81A9009894FC /* SingleCharacterPresenter.swift in Sources */,
				6CEEC90325AE7118009894FC /* SingleCharacterWorker.swift in Sources */,
				6C1E71A3259E1C320040DF83 /* Favorites.xcdatamodeld in Sources */,
				6CEEC8E925ADC6DF009894FC /* FavoritesViewController.swift in Sources */,
				6CF9E749259E70CA00CBAEC7 /* CharacterAPIMockData.swift in Sources */,
				6CF9E740259E391600CBAEC7 /* APIManager.swift in Sources */,
				6CEEC90925AE87D6009894FC /* SingleCharacterViewController.swift in Sources */,
				6C1E71A5259E25090040DF83 /* Character.swift in Sources */,
				6CF9E760259F6E8800CBAEC7 /* CharactersPresenter.swift in Sources */,
				6CEEC8F125ADCD52009894FC /* FavoritesCoreDataWorker.swift in Sources */,
				6CF9E75E259F59C400CBAEC7 /* TwoColumnsViewFlowLayout.swift in Sources */,
				6CEEC8FD25ADF74A009894FC /* SingleCharacterModel.swift in Sources */,
				6C08B46D25A5EA380021A6C0 /* CoreDataManager.swift in Sources */,
				6C1E716B259CB56F0040DF83 /* AppDelegate.swift in Sources */,
				6CF9E738259E369500CBAEC7 /* CharactersInteractor.swift in Sources */,
				6CEEC8F325ADCE9B009894FC /* FavoritesPresenter.swift in Sources */,
				6CF9E73C259E381500CBAEC7 /* ApiConfig.swift in Sources */,
				6CEEC8E225ADC1BD009894FC /* UIImage+Extensions.swift in Sources */,
				6C08B46F25A61CBF0021A6C0 /* CharactersCoreDataWorker.swift in Sources */,
				6CEEC8F925ADF360009894FC /* SingleCharacterCollectionViewCell.swift in Sources */,
				6CEEC8F625ADD2E4009894FC /* Alert.swift in Sources */,
				6CF9E747259E6EE200CBAEC7 /* CharacterAPI.swift in Sources */,
				6CF9E74F259E728900CBAEC7 /* CharactersDataManagers.swift in Sources */,
				6C1E719F259E1A0F0040DF83 /* CharactersModels.swift in Sources */,
				6CEEC8EB25ADC7A7009894FC /* FavoritesModel.swift in Sources */,
				6CF9E752259E898D00CBAEC7 /* CharactersViewController.swift in Sources */,
				6CF9E75B259F4EFC00CBAEC7 /* UIImageView_Extensions.swift in Sources */,
			);
			runOnlyForDeploymentPostprocessing = 0;
		};
		6C1E7179259CB5720040DF83 /* Sources */ = {
			isa = PBXSourcesBuildPhase;
			buildActionMask = 2147483647;
			files = (
				6CEADA5D25A205C10010196C /* CharactersViewControllerTests.swift in Sources */,
				6CA1201325A341CB0054FF80 /* CharacterTests.swift in Sources */,
				6CA1200A25A33CA20054FF80 /* CharacterMock.swift in Sources */,
				6CA1200D25A33F350054FF80 /* JSONMockingTool.swift in Sources */,
				6C08B46A25A49CA60021A6C0 /* CharactersPresenterTests.swift in Sources */,
				6CA1201825A347FC0054FF80 /* DisplayedCharacterMock.swift in Sources */,
				6CA1201A25A34BBF0054FF80 /* PaginationStatusMock.swift in Sources */,
				6CA1200625A33A1F0054FF80 /* CharacterDataManagerMock.swift in Sources */,
				6C08B46825A48FBB0021A6C0 /* CharactersInteractorTests.swift in Sources */,
				6C1E7182259CB5720040DF83 /* marvelTests.swift in Sources */,
			);
			runOnlyForDeploymentPostprocessing = 0;
		};
		6C1E7184259CB5720040DF83 /* Sources */ = {
			isa = PBXSourcesBuildPhase;
			buildActionMask = 2147483647;
			files = (
				6C1E718D259CB5720040DF83 /* marvelUITests.swift in Sources */,
			);
			runOnlyForDeploymentPostprocessing = 0;
		};
/* End PBXSourcesBuildPhase section */

/* Begin PBXTargetDependency section */
		6C1E717F259CB5720040DF83 /* PBXTargetDependency */ = {
			isa = PBXTargetDependency;
			target = 6C1E7166259CB56F0040DF83 /* marvel */;
			targetProxy = 6C1E717E259CB5720040DF83 /* PBXContainerItemProxy */;
		};
		6C1E718A259CB5720040DF83 /* PBXTargetDependency */ = {
			isa = PBXTargetDependency;
			target = 6C1E7166259CB56F0040DF83 /* marvel */;
			targetProxy = 6C1E7189259CB5720040DF83 /* PBXContainerItemProxy */;
		};
/* End PBXTargetDependency section */

/* Begin PBXVariantGroup section */
		6C1E7170259CB56F0040DF83 /* Main.storyboard */ = {
			isa = PBXVariantGroup;
			children = (
				6C1E7171259CB56F0040DF83 /* Base */,
			);
			name = Main.storyboard;
			sourceTree = "<group>";
		};
		6C1E7175259CB5710040DF83 /* LaunchScreen.storyboard */ = {
			isa = PBXVariantGroup;
			children = (
				6C1E7176259CB5710040DF83 /* Base */,
			);
			name = LaunchScreen.storyboard;
			sourceTree = "<group>";
		};
/* End PBXVariantGroup section */

/* Begin XCBuildConfiguration section */
		6C1E718F259CB5720040DF83 /* Debug */ = {
			isa = XCBuildConfiguration;
			buildSettings = {
				ALWAYS_SEARCH_USER_PATHS = NO;
				CLANG_ANALYZER_NONNULL = YES;
				CLANG_ANALYZER_NUMBER_OBJECT_CONVERSION = YES_AGGRESSIVE;
				CLANG_CXX_LANGUAGE_STANDARD = "gnu++14";
				CLANG_CXX_LIBRARY = "libc++";
				CLANG_ENABLE_MODULES = YES;
				CLANG_ENABLE_OBJC_ARC = YES;
				CLANG_ENABLE_OBJC_WEAK = YES;
				CLANG_WARN_BLOCK_CAPTURE_AUTORELEASING = YES;
				CLANG_WARN_BOOL_CONVERSION = YES;
				CLANG_WARN_COMMA = YES;
				CLANG_WARN_CONSTANT_CONVERSION = YES;
				CLANG_WARN_DEPRECATED_OBJC_IMPLEMENTATIONS = YES;
				CLANG_WARN_DIRECT_OBJC_ISA_USAGE = YES_ERROR;
				CLANG_WARN_DOCUMENTATION_COMMENTS = YES;
				CLANG_WARN_EMPTY_BODY = YES;
				CLANG_WARN_ENUM_CONVERSION = YES;
				CLANG_WARN_INFINITE_RECURSION = YES;
				CLANG_WARN_INT_CONVERSION = YES;
				CLANG_WARN_NON_LITERAL_NULL_CONVERSION = YES;
				CLANG_WARN_OBJC_IMPLICIT_RETAIN_SELF = YES;
				CLANG_WARN_OBJC_LITERAL_CONVERSION = YES;
				CLANG_WARN_OBJC_ROOT_CLASS = YES_ERROR;
				CLANG_WARN_RANGE_LOOP_ANALYSIS = YES;
				CLANG_WARN_STRICT_PROTOTYPES = YES;
				CLANG_WARN_SUSPICIOUS_MOVE = YES;
				CLANG_WARN_UNGUARDED_AVAILABILITY = YES_AGGRESSIVE;
				CLANG_WARN_UNREACHABLE_CODE = YES;
				CLANG_WARN__DUPLICATE_METHOD_MATCH = YES;
				COPY_PHASE_STRIP = NO;
				DEBUG_INFORMATION_FORMAT = dwarf;
				ENABLE_STRICT_OBJC_MSGSEND = YES;
				ENABLE_TESTABILITY = YES;
				GCC_C_LANGUAGE_STANDARD = gnu11;
				GCC_DYNAMIC_NO_PIC = NO;
				GCC_NO_COMMON_BLOCKS = YES;
				GCC_OPTIMIZATION_LEVEL = 0;
				GCC_PREPROCESSOR_DEFINITIONS = (
					"DEBUG=1",
					"$(inherited)",
				);
				GCC_WARN_64_TO_32_BIT_CONVERSION = YES;
				GCC_WARN_ABOUT_RETURN_TYPE = YES_ERROR;
				GCC_WARN_UNDECLARED_SELECTOR = YES;
				GCC_WARN_UNINITIALIZED_AUTOS = YES_AGGRESSIVE;
				GCC_WARN_UNUSED_FUNCTION = YES;
				GCC_WARN_UNUSED_VARIABLE = YES;
				IPHONEOS_DEPLOYMENT_TARGET = 12.0;
				MTL_ENABLE_DEBUG_INFO = INCLUDE_SOURCE;
				MTL_FAST_MATH = YES;
				ONLY_ACTIVE_ARCH = YES;
				SDKROOT = iphoneos;
				SWIFT_ACTIVE_COMPILATION_CONDITIONS = DEBUG;
				SWIFT_OPTIMIZATION_LEVEL = "-Onone";
				SWIFT_VERSION = 4.0;
			};
			name = Debug;
		};
		6C1E7190259CB5720040DF83 /* Release */ = {
			isa = XCBuildConfiguration;
			buildSettings = {
				ALWAYS_SEARCH_USER_PATHS = NO;
				CLANG_ANALYZER_NONNULL = YES;
				CLANG_ANALYZER_NUMBER_OBJECT_CONVERSION = YES_AGGRESSIVE;
				CLANG_CXX_LANGUAGE_STANDARD = "gnu++14";
				CLANG_CXX_LIBRARY = "libc++";
				CLANG_ENABLE_MODULES = YES;
				CLANG_ENABLE_OBJC_ARC = YES;
				CLANG_ENABLE_OBJC_WEAK = YES;
				CLANG_WARN_BLOCK_CAPTURE_AUTORELEASING = YES;
				CLANG_WARN_BOOL_CONVERSION = YES;
				CLANG_WARN_COMMA = YES;
				CLANG_WARN_CONSTANT_CONVERSION = YES;
				CLANG_WARN_DEPRECATED_OBJC_IMPLEMENTATIONS = YES;
				CLANG_WARN_DIRECT_OBJC_ISA_USAGE = YES_ERROR;
				CLANG_WARN_DOCUMENTATION_COMMENTS = YES;
				CLANG_WARN_EMPTY_BODY = YES;
				CLANG_WARN_ENUM_CONVERSION = YES;
				CLANG_WARN_INFINITE_RECURSION = YES;
				CLANG_WARN_INT_CONVERSION = YES;
				CLANG_WARN_NON_LITERAL_NULL_CONVERSION = YES;
				CLANG_WARN_OBJC_IMPLICIT_RETAIN_SELF = YES;
				CLANG_WARN_OBJC_LITERAL_CONVERSION = YES;
				CLANG_WARN_OBJC_ROOT_CLASS = YES_ERROR;
				CLANG_WARN_RANGE_LOOP_ANALYSIS = YES;
				CLANG_WARN_STRICT_PROTOTYPES = YES;
				CLANG_WARN_SUSPICIOUS_MOVE = YES;
				CLANG_WARN_UNGUARDED_AVAILABILITY = YES_AGGRESSIVE;
				CLANG_WARN_UNREACHABLE_CODE = YES;
				CLANG_WARN__DUPLICATE_METHOD_MATCH = YES;
				COPY_PHASE_STRIP = NO;
				DEBUG_INFORMATION_FORMAT = "dwarf-with-dsym";
				ENABLE_NS_ASSERTIONS = NO;
				ENABLE_STRICT_OBJC_MSGSEND = YES;
				GCC_C_LANGUAGE_STANDARD = gnu11;
				GCC_NO_COMMON_BLOCKS = YES;
				GCC_WARN_64_TO_32_BIT_CONVERSION = YES;
				GCC_WARN_ABOUT_RETURN_TYPE = YES_ERROR;
				GCC_WARN_UNDECLARED_SELECTOR = YES;
				GCC_WARN_UNINITIALIZED_AUTOS = YES_AGGRESSIVE;
				GCC_WARN_UNUSED_FUNCTION = YES;
				GCC_WARN_UNUSED_VARIABLE = YES;
				IPHONEOS_DEPLOYMENT_TARGET = 12.0;
				MTL_ENABLE_DEBUG_INFO = NO;
				MTL_FAST_MATH = YES;
				SDKROOT = iphoneos;
				SWIFT_COMPILATION_MODE = wholemodule;
				SWIFT_OPTIMIZATION_LEVEL = "-O";
				SWIFT_VERSION = 4.0;
				VALIDATE_PRODUCT = YES;
			};
			name = Release;
		};
		6C1E7192259CB5720040DF83 /* Debug */ = {
			isa = XCBuildConfiguration;
			baseConfigurationReference = 55C398667B57D5C27E74E5BF /* Pods-marvel.debug.xcconfig */;
			buildSettings = {
				ASSETCATALOG_COMPILER_APPICON_NAME = AppIcon;
				CODE_SIGN_IDENTITY = "Apple Development";
				CODE_SIGN_STYLE = Automatic;
				DEVELOPMENT_TEAM = 64XJHK2QX2;
				INFOPLIST_FILE = marvel/Info.plist;
				IPHONEOS_DEPLOYMENT_TARGET = 12.0;
				LD_RUNPATH_SEARCH_PATHS = (
					"$(inherited)",
					"@executable_path/Frameworks",
				);
				PRODUCT_BUNDLE_IDENTIFIER = com.leapi.marvelApp;
				PRODUCT_NAME = "$(TARGET_NAME)";
				PROVISIONING_PROFILE_SPECIFIER = "";
				SWIFT_VERSION = 4.0;
				TARGETED_DEVICE_FAMILY = "1,2";
			};
			name = Debug;
		};
		6C1E7193259CB5720040DF83 /* Release */ = {
			isa = XCBuildConfiguration;
			baseConfigurationReference = 3BE724A24531FB7B47C546D2 /* Pods-marvel.release.xcconfig */;
			buildSettings = {
				ASSETCATALOG_COMPILER_APPICON_NAME = AppIcon;
				CODE_SIGN_IDENTITY = "Apple Development";
				CODE_SIGN_STYLE = Automatic;
				DEVELOPMENT_TEAM = 64XJHK2QX2;
				INFOPLIST_FILE = marvel/Info.plist;
				IPHONEOS_DEPLOYMENT_TARGET = 12.0;
				LD_RUNPATH_SEARCH_PATHS = (
					"$(inherited)",
					"@executable_path/Frameworks",
				);
				PRODUCT_BUNDLE_IDENTIFIER = com.leapi.marvelApp;
				PRODUCT_NAME = "$(TARGET_NAME)";
				PROVISIONING_PROFILE_SPECIFIER = "";
				SWIFT_VERSION = 4.0;
				TARGETED_DEVICE_FAMILY = "1,2";
			};
			name = Release;
		};
		6C1E7195259CB5720040DF83 /* Debug */ = {
			isa = XCBuildConfiguration;
			baseConfigurationReference = 7D2BE2BB1C7B511AF872726C /* Pods-marvelTests.debug.xcconfig */;
			buildSettings = {
				ALWAYS_EMBED_SWIFT_STANDARD_LIBRARIES = YES;
				BUNDLE_LOADER = "$(TEST_HOST)";
				CODE_SIGN_STYLE = Automatic;
				DEVELOPMENT_TEAM = Q2G3885B87;
				INFOPLIST_FILE = marvelTests/Info.plist;
				IPHONEOS_DEPLOYMENT_TARGET = 12.0;
				LD_RUNPATH_SEARCH_PATHS = (
					"$(inherited)",
					"@executable_path/Frameworks",
					"@loader_path/Frameworks",
				);
				PRODUCT_BUNDLE_IDENTIFIER = com.leapi.marvelTests;
				PRODUCT_NAME = "$(TARGET_NAME)";
				SWIFT_VERSION = 4.0;
				TARGETED_DEVICE_FAMILY = "1,2";
				TEST_HOST = "$(BUILT_PRODUCTS_DIR)/marvel.app/marvel";
			};
			name = Debug;
		};
		6C1E7196259CB5720040DF83 /* Release */ = {
			isa = XCBuildConfiguration;
			baseConfigurationReference = 1A32EFE1618468741CA0F095 /* Pods-marvelTests.release.xcconfig */;
			buildSettings = {
				ALWAYS_EMBED_SWIFT_STANDARD_LIBRARIES = YES;
				BUNDLE_LOADER = "$(TEST_HOST)";
				CODE_SIGN_STYLE = Automatic;
				DEVELOPMENT_TEAM = Q2G3885B87;
				INFOPLIST_FILE = marvelTests/Info.plist;
				IPHONEOS_DEPLOYMENT_TARGET = 12.0;
				LD_RUNPATH_SEARCH_PATHS = (
					"$(inherited)",
					"@executable_path/Frameworks",
					"@loader_path/Frameworks",
				);
				PRODUCT_BUNDLE_IDENTIFIER = com.leapi.marvelTests;
				PRODUCT_NAME = "$(TARGET_NAME)";
				SWIFT_VERSION = 4.0;
				TARGETED_DEVICE_FAMILY = "1,2";
				TEST_HOST = "$(BUILT_PRODUCTS_DIR)/marvel.app/marvel";
			};
			name = Release;
		};
		6C1E7198259CB5720040DF83 /* Debug */ = {
			isa = XCBuildConfiguration;
			baseConfigurationReference = 16BE573785614DCCDC73636A /* Pods-marvelUITests.debug.xcconfig */;
			buildSettings = {
				ALWAYS_EMBED_SWIFT_STANDARD_LIBRARIES = YES;
				CODE_SIGN_STYLE = Automatic;
				DEVELOPMENT_TEAM = Q2G3885B87;
				INFOPLIST_FILE = marvelUITests/Info.plist;
				LD_RUNPATH_SEARCH_PATHS = (
					"$(inherited)",
					"@executable_path/Frameworks",
					"@loader_path/Frameworks",
				);
				PRODUCT_BUNDLE_IDENTIFIER = com.leapi.marvelUITests;
				PRODUCT_NAME = "$(TARGET_NAME)";
				SWIFT_VERSION = 4.0;
				TARGETED_DEVICE_FAMILY = "1,2";
				TEST_TARGET_NAME = marvel;
			};
			name = Debug;
		};
		6C1E7199259CB5720040DF83 /* Release */ = {
			isa = XCBuildConfiguration;
			baseConfigurationReference = 24A6E1F9C67610FA427E0A4A /* Pods-marvelUITests.release.xcconfig */;
			buildSettings = {
				ALWAYS_EMBED_SWIFT_STANDARD_LIBRARIES = YES;
				CODE_SIGN_STYLE = Automatic;
				DEVELOPMENT_TEAM = Q2G3885B87;
				INFOPLIST_FILE = marvelUITests/Info.plist;
				LD_RUNPATH_SEARCH_PATHS = (
					"$(inherited)",
					"@executable_path/Frameworks",
					"@loader_path/Frameworks",
				);
				PRODUCT_BUNDLE_IDENTIFIER = com.leapi.marvelUITests;
				PRODUCT_NAME = "$(TARGET_NAME)";
				SWIFT_VERSION = 4.0;
				TARGETED_DEVICE_FAMILY = "1,2";
				TEST_TARGET_NAME = marvel;
			};
			name = Release;
		};
/* End XCBuildConfiguration section */

/* Begin XCConfigurationList section */
		6C1E7162259CB56F0040DF83 /* Build configuration list for PBXProject "marvel" */ = {
			isa = XCConfigurationList;
			buildConfigurations = (
				6C1E718F259CB5720040DF83 /* Debug */,
				6C1E7190259CB5720040DF83 /* Release */,
			);
			defaultConfigurationIsVisible = 0;
			defaultConfigurationName = Release;
		};
		6C1E7191259CB5720040DF83 /* Build configuration list for PBXNativeTarget "marvel" */ = {
			isa = XCConfigurationList;
			buildConfigurations = (
				6C1E7192259CB5720040DF83 /* Debug */,
				6C1E7193259CB5720040DF83 /* Release */,
			);
			defaultConfigurationIsVisible = 0;
			defaultConfigurationName = Release;
		};
		6C1E7194259CB5720040DF83 /* Build configuration list for PBXNativeTarget "marvelTests" */ = {
			isa = XCConfigurationList;
			buildConfigurations = (
				6C1E7195259CB5720040DF83 /* Debug */,
				6C1E7196259CB5720040DF83 /* Release */,
			);
			defaultConfigurationIsVisible = 0;
			defaultConfigurationName = Release;
		};
		6C1E7197259CB5720040DF83 /* Build configuration list for PBXNativeTarget "marvelUITests" */ = {
			isa = XCConfigurationList;
			buildConfigurations = (
				6C1E7198259CB5720040DF83 /* Debug */,
				6C1E7199259CB5720040DF83 /* Release */,
			);
			defaultConfigurationIsVisible = 0;
			defaultConfigurationName = Release;
		};
/* End XCConfigurationList section */

/* Begin XCVersionGroup section */
		6C1E71A1259E1C320040DF83 /* Favorites.xcdatamodeld */ = {
			isa = XCVersionGroup;
			children = (
				6C1E71A2259E1C320040DF83 /* Favorites.xcdatamodel */,
			);
			currentVersion = 6C1E71A2259E1C320040DF83 /* Favorites.xcdatamodel */;
			path = Favorites.xcdatamodeld;
			sourceTree = "<group>";
			versionGroupType = wrapper.xcdatamodel;
		};
/* End XCVersionGroup section */
	};
	rootObject = 6C1E715F259CB56F0040DF83 /* Project object */;
}
